
Microsoft Visual Studio Solution File, Format Version 12.00
# Visual Studio Version 17
VisualStudioVersion = 17.10.35122.118
MinimumVisualStudioVersion = 10.0.40219.1
Project("{FAE04EC0-301F-11D3-BF4B-00C04F79EFBC}") = "WinFormsApp1", "WinFormsApp1\WinFormsApp1.csproj", "{18B6C6D4-AC92-4EA5-A7D2-40C12CBC6620}"
EndProject
Global
	GlobalSection(SolutionConfigurationPlatforms) = preSolution
		Debug|Any CPU = Debug|Any CPU
		Release|Any CPU = Release|Any CPU
	EndGlobalSection
	GlobalSection(ProjectConfigurationPlatforms) = postSolution
		{18B6C6D4-AC92-4EA5-A7D2-40C12CBC6620}.Debug|Any CPU.ActiveCfg = Debug|Any CPU
		{18B6C6D4-AC92-4EA5-A7D2-40C12CBC6620}.Debug|Any CPU.Build.0 = Debug|Any CPU
		{18B6C6D4-AC92-4EA5-A7D2-40C12CBC6620}.Release|Any CPU.ActiveCfg = Release|Any CPU
		{18B6C6D4-AC92-4EA5-A7D2-40C12CBC6620}.Release|Any CPU.Build.0 = Release|Any CPU
	EndGlobalSection
	GlobalSection(SolutionProperties) = preSolution
		HideSolutionNode = FALSE
	EndGlobalSection
	GlobalSection(ExtensibilityGlobals) = postSolution
		SolutionGuid = {23C2F61A-BAAE-4A51-98A3-F5495F457B92}
	EndGlobalSection
EndGlobal
